
Microsoft Visual Studio Solution File, Format Version 12.00
# Visual Studio Version 16
VisualStudioVersion = 16.0.31624.102
MinimumVisualStudioVersion = 10.0.40219.1
Project("{FAE04EC0-301F-11D3-BF4B-00C04F79EFBC}") = "todofranco.Common", "todofranco.Common\todofranco.Common.csproj", "{0E4E2275-BE1E-4221-874D-E10FE91E415D}"
EndProject
Project("{FAE04EC0-301F-11D3-BF4B-00C04F79EFBC}") = "todofranco.Functions", "todofranco.Functions\todofranco.Functions.csproj", "{7E712B61-ED79-4BB6-8FAA-0D8F06087E96}"
EndProject
Project("{FAE04EC0-301F-11D3-BF4B-00C04F79EFBC}") = "todofranco.Test", "todofranco.Test\todofranco.Test.csproj", "{D9B6B656-D6C3-4C5A-BD8E-CA78C13F206A}"
EndProject
Global
	GlobalSection(SolutionConfigurationPlatforms) = preSolution
		Debug|Any CPU = Debug|Any CPU
		Release|Any CPU = Release|Any CPU
	EndGlobalSection
	GlobalSection(ProjectConfigurationPlatforms) = postSolution
		{0E4E2275-BE1E-4221-874D-E10FE91E415D}.Debug|Any CPU.ActiveCfg = Debug|Any CPU
		{0E4E2275-BE1E-4221-874D-E10FE91E415D}.Debug|Any CPU.Build.0 = Debug|Any CPU
		{0E4E2275-BE1E-4221-874D-E10FE91E415D}.Release|Any CPU.ActiveCfg = Release|Any CPU
		{0E4E2275-BE1E-4221-874D-E10FE91E415D}.Release|Any CPU.Build.0 = Release|Any CPU
		{7E712B61-ED79-4BB6-8FAA-0D8F06087E96}.Debug|Any CPU.ActiveCfg = Debug|Any CPU
		{7E712B61-ED79-4BB6-8FAA-0D8F06087E96}.Debug|Any CPU.Build.0 = Debug|Any CPU
		{7E712B61-ED79-4BB6-8FAA-0D8F06087E96}.Release|Any CPU.ActiveCfg = Release|Any CPU
		{7E712B61-ED79-4BB6-8FAA-0D8F06087E96}.Release|Any CPU.Build.0 = Release|Any CPU
		{D9B6B656-D6C3-4C5A-BD8E-CA78C13F206A}.Debug|Any CPU.ActiveCfg = Debug|Any CPU
		{D9B6B656-D6C3-4C5A-BD8E-CA78C13F206A}.Debug|Any CPU.Build.0 = Debug|Any CPU
		{D9B6B656-D6C3-4C5A-BD8E-CA78C13F206A}.Release|Any CPU.ActiveCfg = Release|Any CPU
		{D9B6B656-D6C3-4C5A-BD8E-CA78C13F206A}.Release|Any CPU.Build.0 = Release|Any CPU
	EndGlobalSection
	GlobalSection(SolutionProperties) = preSolution
		HideSolutionNode = FALSE
	EndGlobalSection
	GlobalSection(ExtensibilityGlobals) = postSolution
		SolutionGuid = {8AC281DE-B954-4C59-93A6-C727EEBE7B65}
	EndGlobalSection
EndGlobal
